// !$*UTF8*$!
{
	archiveVersion = 1;
	classes = {
	};
	objectVersion = 46;
	objects = {

/* Begin PBXBuildFile section */
		1566BB8B1CE374440075A567 /* AppDelegate.swift in Sources */ = {isa = PBXBuildFile; fileRef = 1566BB8A1CE374440075A567 /* AppDelegate.swift */; };
		1566BB8D1CE374440075A567 /* ViewController.swift in Sources */ = {isa = PBXBuildFile; fileRef = 1566BB8C1CE374440075A567 /* ViewController.swift */; };
		1566BB901CE374440075A567 /* Main.storyboard in Resources */ = {isa = PBXBuildFile; fileRef = 1566BB8E1CE374440075A567 /* Main.storyboard */; };
		1566BB921CE374440075A567 /* Assets.xcassets in Resources */ = {isa = PBXBuildFile; fileRef = 1566BB911CE374440075A567 /* Assets.xcassets */; };
		1566BB951CE374440075A567 /* LaunchScreen.storyboard in Resources */ = {isa = PBXBuildFile; fileRef = 1566BB931CE374440075A567 /* LaunchScreen.storyboard */; };
		1566BBA51CE3D8F10075A567 /* ML_logo_white.png in Resources */ = {isa = PBXBuildFile; fileRef = 1566BBA41CE3D8F10075A567 /* ML_logo_white.png */; };
/* End PBXBuildFile section */

/* Begin PBXFileReference section */
		1566BB871CE374440075A567 /* Example.app */ = {isa = PBXFileReference; explicitFileType = wrapper.application; includeInIndex = 0; path = Example.app; sourceTree = BUILT_PRODUCTS_DIR; };
		1566BB8A1CE374440075A567 /* AppDelegate.swift */ = {isa = PBXFileReference; lastKnownFileType = sourcecode.swift; path = AppDelegate.swift; sourceTree = "<group>"; };
		1566BB8C1CE374440075A567 /* ViewController.swift */ = {isa = PBXFileReference; lastKnownFileType = sourcecode.swift; path = ViewController.swift; sourceTree = "<group>"; };
		1566BB8F1CE374440075A567 /* Base */ = {isa = PBXFileReference; lastKnownFileType = file.storyboard; name = Base; path = Base.lproj/Main.storyboard; sourceTree = "<group>"; };
		1566BB911CE374440075A567 /* Assets.xcassets */ = {isa = PBXFileReference; lastKnownFileType = folder.assetcatalog; path = Assets.xcassets; sourceTree = "<group>"; };
		1566BB941CE374440075A567 /* Base */ = {isa = PBXFileReference; lastKnownFileType = file.storyboard; name = Base; path = Base.lproj/LaunchScreen.storyboard; sourceTree = "<group>"; };
		1566BB961CE374440075A567 /* Info.plist */ = {isa = PBXFileReference; lastKnownFileType = text.plist.xml; path = Info.plist; sourceTree = "<group>"; };
		1566BBA41CE3D8F10075A567 /* ML_logo_white.png */ = {isa = PBXFileReference; lastKnownFileType = image.png; path = ML_logo_white.png; sourceTree = "<group>"; };
/* End PBXFileReference section */

/* Begin PBXFrameworksBuildPhase section */
		1566BB841CE374440075A567 /* Frameworks */ = {
			isa = PBXFrameworksBuildPhase;
			buildActionMask = 2147483647;
			files = (
			);
			runOnlyForDeploymentPostprocessing = 0;
		};
/* End PBXFrameworksBuildPhase section */

/* Begin PBXGroup section */
		1566BB7E1CE374440075A567 = {
			isa = PBXGroup;
			children = (
				1566BB891CE374440075A567 /* Example */,
				1566BB881CE374440075A567 /* Products */,
			);
			sourceTree = "<group>";
		};
		1566BB881CE374440075A567 /* Products */ = {
			isa = PBXGroup;
			children = (
				1566BB871CE374440075A567 /* Example.app */,
			);
			name = Products;
			sourceTree = "<group>";
		};
		1566BB891CE374440075A567 /* Example */ = {
			isa = PBXGroup;
			children = (
				1566BB8A1CE374440075A567 /* AppDelegate.swift */,
				1566BB8C1CE374440075A567 /* ViewController.swift */,
				1566BB8E1CE374440075A567 /* Main.storyboard */,
				1566BB911CE374440075A567 /* Assets.xcassets */,
				1566BB931CE374440075A567 /* LaunchScreen.storyboard */,
				1566BB961CE374440075A567 /* Info.plist */,
				1566BBA41CE3D8F10075A567 /* ML_logo_white.png */,
			);
			path = Example;
			sourceTree = "<group>";
		};
/* End PBXGroup section */

/* Begin PBXNativeTarget section */
		1566BB861CE374440075A567 /* Example */ = {
			isa = PBXNativeTarget;
			buildConfigurationList = 1566BB991CE374440075A567 /* Build configuration list for PBXNativeTarget "Example" */;
			buildPhases = (
				1566BB831CE374440075A567 /* Sources */,
				1566BB841CE374440075A567 /* Frameworks */,
				1566BB851CE374440075A567 /* Resources */,
			);
			buildRules = (
			);
			dependencies = (
			);
			name = Example;
			productName = Example;
			productReference = 1566BB871CE374440075A567 /* Example.app */;
			productType = "com.apple.product-type.application";
		};
/* End PBXNativeTarget section */

/* Begin PBXProject section */
		1566BB7F1CE374440075A567 /* Project object */ = {
			isa = PBXProject;
			attributes = {
				LastSwiftUpdateCheck = 0730;
				LastUpgradeCheck = 0730;
				ORGANIZATIONNAME = delong;
				TargetAttributes = {
					1566BB861CE374440075A567 = {
						CreatedOnToolsVersion = 7.3;
						LastSwiftMigration = 0820;
					};
				};
			};
			buildConfigurationList = 1566BB821CE374440075A567 /* Build configuration list for PBXProject "Example" */;
			compatibilityVersion = "Xcode 3.2";
			developmentRegion = English;
			hasScannedForEncodings = 0;
			knownRegions = (
				en,
				Base,
			);
			mainGroup = 1566BB7E1CE374440075A567;
			productRefGroup = 1566BB881CE374440075A567 /* Products */;
			projectDirPath = "";
			projectRoot = "";
			targets = (
				1566BB861CE374440075A567 /* Example */,
			);
		};
/* End PBXProject section */

/* Begin PBXResourcesBuildPhase section */
		1566BB851CE374440075A567 /* Resources */ = {
			isa = PBXResourcesBuildPhase;
			buildActionMask = 2147483647;
			files = (
				1566BB951CE374440075A567 /* LaunchScreen.storyboard in Resources */,
				1566BBA51CE3D8F10075A567 /* ML_logo_white.png in Resources */,
				1566BB921CE374440075A567 /* Assets.xcassets in Resources */,
				1566BB901CE374440075A567 /* Main.storyboard in Resources */,
			);
			runOnlyForDeploymentPostprocessing = 0;
		};
/* End PBXResourcesBuildPhase section */

/* Begin PBXSourcesBuildPhase section */
		1566BB831CE374440075A567 /* Sources */ = {
			isa = PBXSourcesBuildPhase;
			buildActionMask = 2147483647;
			files = (
				1566BB8D1CE374440075A567 /* ViewController.swift in Sources */,
				1566BB8B1CE374440075A567 /* AppDelegate.swift in Sources */,
			);
			runOnlyForDeploymentPostprocessing = 0;
		};
/* End PBXSourcesBuildPhase section */

/* Begin PBXVariantGroup section */
		1566BB8E1CE374440075A567 /* Main.storyboard */ = {
			isa = PBXVariantGroup;
			children = (
				1566BB8F1CE374440075A567 /* Base */,
			);
			name = Main.storyboard;
			sourceTree = "<group>";
		};
		1566BB931CE374440075A567 /* LaunchScreen.storyboard */ = {
			isa = PBXVariantGroup;
			children = (
				1566BB941CE374440075A567 /* Base */,
			);
			name = LaunchScreen.storyboard;
			sourceTree = "<group>";
		};
/* End PBXVariantGroup section */

/* Begin XCBuildConfiguration section */
		1566BB971CE374440075A567 /* Debug */ = {
			isa = XCBuildConfiguration;
			buildSettings = {
				ALWAYS_SEARCH_USER_PATHS = NO;
				CLANG_ANALYZER_NONNULL = YES;
				CLANG_CXX_LANGUAGE_STANDARD = "gnu++0x";
				CLANG_CXX_LIBRARY = "libc++";
				CLANG_ENABLE_MODULES = YES;
				CLANG_ENABLE_OBJC_ARC = YES;
				CLANG_WARN_BOOL_CONVERSION = YES;
				CLANG_WARN_CONSTANT_CONVERSION = YES;
				CLANG_WARN_DIRECT_OBJC_ISA_USAGE = YES_ERROR;
				CLANG_WARN_EMPTY_BODY = YES;
				CLANG_WARN_ENUM_CONVERSION = YES;
				CLANG_WARN_INT_CONVERSION = YES;
				CLANG_WARN_OBJC_ROOT_CLASS = YES_ERROR;
				CLANG_WARN_UNREACHABLE_CODE = YES;
				CLANG_WARN__DUPLICATE_METHOD_MATCH = YES;
				"CODE_SIGN_IDENTITY[sdk=iphoneos*]" = "iPhone Developer";
				COPY_PHASE_STRIP = NO;
				DEBUG_INFORMATION_FORMAT = dwarf;
				ENABLE_STRICT_OBJC_MSGSEND = YES;
				ENABLE_TESTABILITY = YES;
				GCC_C_LANGUAGE_STANDARD = gnu99;
				GCC_DYNAMIC_NO_PIC = NO;
				GCC_NO_COMMON_BLOCKS = YES;
				GCC_OPTIMIZATION_LEVEL = 0;
				GCC_PREPROCESSOR_DEFINITIONS = (
					"DEBUG=1",
					"$(inherited)",
				);
				GCC_WARN_64_TO_32_BIT_CONVERSION = YES;
				GCC_WARN_ABOUT_RETURN_TYPE = YES_ERROR;
				GCC_WARN_UNDECLARED_SELECTOR = YES;
				GCC_WARN_UNINITIALIZED_AUTOS = YES_AGGRESSIVE;
				GCC_WARN_UNUSED_FUNCTION = YES;
				GCC_WARN_UNUSED_VARIABLE = YES;
				IPHONEOS_DEPLOYMENT_TARGET = 9.3;
				MTL_ENABLE_DEBUG_INFO = YES;
				ONLY_ACTIVE_ARCH = YES;
				SDKROOT = iphoneos;
				SWIFT_OPTIMIZATION_LEVEL = "-Onone";
				TARGETED_DEVICE_FAMILY = "1,2";
			};
			name = Debug;
		};
		1566BB981CE374440075A567 /* Release */ = {
			isa = XCBuildConfiguration;
			buildSettings = {
				ALWAYS_SEARCH_USER_PATHS = NO;
				CLANG_ANALYZER_NONNULL = YES;
				CLANG_CXX_LANGUAGE_STANDARD = "gnu++0x";
				CLANG_CXX_LIBRARY = "libc++";
				CLANG_ENABLE_MODULES = YES;
				CLANG_ENABLE_OBJC_ARC = YES;
				CLANG_WARN_BOOL_CONVERSION = YES;
				CLANG_WARN_CONSTANT_CONVERSION = YES;
				CLANG_WARN_DIRECT_OBJC_ISA_USAGE = YES_ERROR;
				CLANG_WARN_EMPTY_BODY = YES;
				CLANG_WARN_ENUM_CONVERSION = YES;
				CLANG_WARN_INT_CONVERSION = YES;
				CLANG_WARN_OBJC_ROOT_CLASS = YES_ERROR;
				CLANG_WARN_UNREACHABLE_CODE = YES;
				CLANG_WARN__DUPLICATE_METHOD_MATCH = YES;
				"CODE_SIGN_IDENTITY[sdk=iphoneos*]" = "iPhone Developer";
				COPY_PHASE_STRIP = NO;
				DEBUG_INFORMATION_FORMAT = "dwarf-with-dsym";
				ENABLE_NS_ASSERTIONS = NO;
				ENABLE_STRICT_OBJC_MSGSEND = YES;
				GCC_C_LANGUAGE_STANDARD = gnu99;
				GCC_NO_COMMON_BLOCKS = YES;
				GCC_WARN_64_TO_32_BIT_CONVERSION = YES;
				GCC_WARN_ABOUT_RETURN_TYPE = YES_ERROR;
				GCC_WARN_UNDECLARED_SELECTOR = YES;
				GCC_WARN_UNINITIALIZED_AUTOS = YES_AGGRESSIVE;
				GCC_WARN_UNUSED_FUNCTION = YES;
				GCC_WARN_UNUSED_VARIABLE = YES;
				IPHONEOS_DEPLOYMENT_TARGET = 9.3;
				MTL_ENABLE_DEBUG_INFO = NO;
				SDKROOT = iphoneos;
				TARGETED_DEVICE_FAMILY = "1,2";
				VALIDATE_PRODUCT = YES;
			};
			name = Release;
		};
		1566BB9A1CE374440075A567 /* Debug */ = {
			isa = XCBuildConfiguration;
			buildSettings = {
				ASSETCATALOG_COMPILER_APPICON_NAME = AppIcon;
				INFOPLIST_FILE = Example/Info.plist;
				LD_RUNPATH_SEARCH_PATHS = "$(inherited) @executable_path/Frameworks";
				PRODUCT_BUNDLE_IDENTIFIER = com.Example;
				PRODUCT_NAME = "$(TARGET_NAME)";
				SWIFT_VERSION = 3.0;
			};
			name = Debug;
		};
		1566BB9B1CE374440075A567 /* Release */ = {
			isa = XCBuildConfiguration;
			buildSettings = {
				ASSETCATALOG_COMPILER_APPICON_NAME = AppIcon;
				INFOPLIST_FILE = Example/Info.plist;
				LD_RUNPATH_SEARCH_PATHS = "$(inherited) @executable_path/Frameworks";
				PRODUCT_BUNDLE_IDENTIFIER = com.Example;
				PRODUCT_NAME = "$(TARGET_NAME)";
				SWIFT_VERSION = 3.0;
			};
			name = Release;
		};
/* End XCBuildConfiguration section */

/* Begin XCConfigurationList section */
		1566BB821CE374440075A567 /* Build configuration list for PBXProject "Example" */ = {
			isa = XCConfigurationList;
			buildConfigurations = (
				1566BB971CE374440075A567 /* Debug */,
				1566BB981CE374440075A567 /* Release */,
			);
			defaultConfigurationIsVisible = 0;
			defaultConfigurationName = Release;
		};
		1566BB991CE374440075A567 /* Build configuration list for PBXNativeTarget "Example" */ = {
			isa = XCConfigurationList;
			buildConfigurations = (
				1566BB9A1CE374440075A567 /* Debug */,
				1566BB9B1CE374440075A567 /* Release */,
			);
			defaultConfigurationIsVisible = 0;
			defaultConfigurationName = Release;
		};
/* End XCConfigurationList section */
	};
	rootObject = 1566BB7F1CE374440075A567 /* Project object */;
}
